
Microsoft Visual Studio Solution File, Format Version 12.00
# Visual Studio Version 16
VisualStudioVersion = 16.0.34902.97
MinimumVisualStudioVersion = 10.0.40219.1
Project("{8BC9CEB8-8B4A-11D0-8D11-00A0C91BC942}") = "cpp_image_processing", "cpp_image_processing\cpp_image_processing.vcxproj", "{40743D13-906C-4AA4-B0EF-A5B3A58CE38F}"
EndProject
Global
	GlobalSection(SolutionConfigurationPlatforms) = preSolution
		Debug|x64 = Debug|x64
		Debug|x86 = Debug|x86
		Release|x64 = Release|x64
		Release|x86 = Release|x86
	EndGlobalSection
	GlobalSection(ProjectConfigurationPlatforms) = postSolution
		{40743D13-906C-4AA4-B0EF-A5B3A58CE38F}.Debug|x64.ActiveCfg = Debug|x64
		{40743D13-906C-4AA4-B0EF-A5B3A58CE38F}.Debug|x64.Build.0 = Debug|x64
		{40743D13-906C-4AA4-B0EF-A5B3A58CE38F}.Debug|x86.ActiveCfg = Debug|Win32
		{40743D13-906C-4AA4-B0EF-A5B3A58CE38F}.Debug|x86.Build.0 = Debug|Win32
		{40743D13-906C-4AA4-B0EF-A5B3A58CE38F}.Release|x64.ActiveCfg = Release|x64
		{40743D13-906C-4AA4-B0EF-A5B3A58CE38F}.Release|x64.Build.0 = Release|x64
		{40743D13-906C-4AA4-B0EF-A5B3A58CE38F}.Release|x86.ActiveCfg = Release|Win32
		{40743D13-906C-4AA4-B0EF-A5B3A58CE38F}.Release|x86.Build.0 = Release|Win32
	EndGlobalSection
	GlobalSection(SolutionProperties) = preSolution
		HideSolutionNode = FALSE
	EndGlobalSection
	GlobalSection(ExtensibilityGlobals) = postSolution
		SolutionGuid = {F9797D65-D9FE-431F-81BB-E76759738DC4}
	EndGlobalSection
EndGlobal
